
Microsoft Visual Studio Solution File, Format Version 12.00
# Visual Studio 15
VisualStudioVersion = 15.0.28307.421
MinimumVisualStudioVersion = 10.0.40219.1
Project("{FAE04EC0-301F-11D3-BF4B-00C04F79EFBC}") = "JDBC-Derby", "JDBC-Derby\JDBC-Derby.csproj", "{8A2496E4-BCB3-49A7-914F-93884319EBFE}"
EndProject
Global
	GlobalSection(SolutionConfigurationPlatforms) = preSolution
		Debug|Any CPU = Debug|Any CPU
		Release|Any CPU = Release|Any CPU
	EndGlobalSection
	GlobalSection(ProjectConfigurationPlatforms) = postSolution
		{8A2496E4-BCB3-49A7-914F-93884319EBFE}.Debug|Any CPU.ActiveCfg = Debug|Any CPU
		{8A2496E4-BCB3-49A7-914F-93884319EBFE}.Debug|Any CPU.Build.0 = Debug|Any CPU
		{8A2496E4-BCB3-49A7-914F-93884319EBFE}.Release|Any CPU.ActiveCfg = Release|Any CPU
		{8A2496E4-BCB3-49A7-914F-93884319EBFE}.Release|Any CPU.Build.0 = Release|Any CPU
	EndGlobalSection
	GlobalSection(SolutionProperties) = preSolution
		HideSolutionNode = FALSE
	EndGlobalSection
	GlobalSection(ExtensibilityGlobals) = postSolution
		SolutionGuid = {2E0F4A10-75E9-42FE-A9A1-F13E0CD3BCAF}
	EndGlobalSection
EndGlobal
